
Microsoft Visual Studio Solution File, Format Version 12.00
# Visual Studio Version 17
VisualStudioVersion = 17.3.32929.385
MinimumVisualStudioVersion = 10.0.40219.1
Project("{FAE04EC0-301F-11D3-BF4B-00C04F79EFBC}") = "Panopticon", "Panopticon.csproj", "{29BA66A0-5D29-4F51-A50A-7363BEFE3438}"
EndProject
Project("{2150E333-8FDC-42A3-9474-1A3956D46DE8}") = "Presentation Layer", "Presentation Layer", "{4B0E9EC1-99D6-4D69-B62F-992FFEFDDE68}"
EndProject
Project("{2150E333-8FDC-42A3-9474-1A3956D46DE8}") = "Business Logic Layer", "Business Logic Layer", "{2FD3FFD0-4334-4DE9-B46B-F3E50FBCDAA9}"
EndProject
Project("{2150E333-8FDC-42A3-9474-1A3956D46DE8}") = "DataAccess Layer", "DataAccess Layer", "{B9C30123-491C-42A4-BD32-0ACEBFA601BB}"
EndProject
Global
	GlobalSection(SolutionConfigurationPlatforms) = preSolution
		Debug|Any CPU = Debug|Any CPU
		Release|Any CPU = Release|Any CPU
	EndGlobalSection
	GlobalSection(ProjectConfigurationPlatforms) = postSolution
		{29BA66A0-5D29-4F51-A50A-7363BEFE3438}.Debug|Any CPU.ActiveCfg = Debug|Any CPU
		{29BA66A0-5D29-4F51-A50A-7363BEFE3438}.Debug|Any CPU.Build.0 = Debug|Any CPU
		{29BA66A0-5D29-4F51-A50A-7363BEFE3438}.Release|Any CPU.ActiveCfg = Release|Any CPU
		{29BA66A0-5D29-4F51-A50A-7363BEFE3438}.Release|Any CPU.Build.0 = Release|Any CPU
	EndGlobalSection
	GlobalSection(SolutionProperties) = preSolution
		HideSolutionNode = FALSE
	EndGlobalSection
	GlobalSection(ExtensibilityGlobals) = postSolution
		SolutionGuid = {06E691AA-B359-4FC0-8660-32E8F7D385E9}
	EndGlobalSection
EndGlobal
